// !$*UTF8*$!
{
	archiveVersion = 1;
	classes = {
	};
	objectVersion = 46;
	objects = {

/* Begin PBXBuildFile section */
		340AE46EC7BFECF016D20069 /* Pods_SchoolReportTests.framework in Frameworks */ = {isa = PBXBuildFile; fileRef = 569BF2B9CFB1743BF1E905C8 /* Pods_SchoolReportTests.framework */; };
		884A2DD71DE6FC22002154C4 /* HeaderSectionTableViewCell.swift in Sources */ = {isa = PBXBuildFile; fileRef = 884A2DD61DE6FC22002154C4 /* HeaderSectionTableViewCell.swift */; };
		88696EEF1DE2EAAD001CA120 /* AppDelegate.swift in Sources */ = {isa = PBXBuildFile; fileRef = 88696EEE1DE2EAAD001CA120 /* AppDelegate.swift */; };
		88696EF41DE2EAAD001CA120 /* Main.storyboard in Resources */ = {isa = PBXBuildFile; fileRef = 88696EF21DE2EAAD001CA120 /* Main.storyboard */; };
		88696EF61DE2EAAD001CA120 /* Assets.xcassets in Resources */ = {isa = PBXBuildFile; fileRef = 88696EF51DE2EAAD001CA120 /* Assets.xcassets */; };
		88696EF91DE2EAAD001CA120 /* LaunchScreen.storyboard in Resources */ = {isa = PBXBuildFile; fileRef = 88696EF71DE2EAAD001CA120 /* LaunchScreen.storyboard */; };
		88696F041DE2EAAD001CA120 /* SchoolReportTests.swift in Sources */ = {isa = PBXBuildFile; fileRef = 88696F031DE2EAAD001CA120 /* SchoolReportTests.swift */; };
		88696F0F1DE2EAAD001CA120 /* SchoolReportUITests.swift in Sources */ = {isa = PBXBuildFile; fileRef = 88696F0E1DE2EAAD001CA120 /* SchoolReportUITests.swift */; };
		88696F201DE2F15D001CA120 /* MainViewController.swift in Sources */ = {isa = PBXBuildFile; fileRef = 88696F1F1DE2F15D001CA120 /* MainViewController.swift */; };
		88696F221DE2F17F001CA120 /* DetailedReportTableViewController.swift in Sources */ = {isa = PBXBuildFile; fileRef = 88696F211DE2F17F001CA120 /* DetailedReportTableViewController.swift */; };
		88696F241DE2F19C001CA120 /* AddMarkViewController.swift in Sources */ = {isa = PBXBuildFile; fileRef = 88696F231DE2F19C001CA120 /* AddMarkViewController.swift */; };
		88696F261DE2F1E0001CA120 /* Mark.swift in Sources */ = {isa = PBXBuildFile; fileRef = 88696F251DE2F1E0001CA120 /* Mark.swift */; };
		88696F291DE2F203001CA120 /* Tools.swift in Sources */ = {isa = PBXBuildFile; fileRef = 88696F281DE2F203001CA120 /* Tools.swift */; };
		88696F2B1DE2F531001CA120 /* MarkReport.swift in Sources */ = {isa = PBXBuildFile; fileRef = 88696F2A1DE2F531001CA120 /* MarkReport.swift */; };
		88696F2D1DE309BA001CA120 /* Subject.swift in Sources */ = {isa = PBXBuildFile; fileRef = 88696F2C1DE309BA001CA120 /* Subject.swift */; };
		88696F2F1DE30E97001CA120 /* DetailedTableViewCell.swift in Sources */ = {isa = PBXBuildFile; fileRef = 88696F2E1DE30E97001CA120 /* DetailedTableViewCell.swift */; };
		88696F311DE30ECB001CA120 /* ListOfMarksTableViewController.swift in Sources */ = {isa = PBXBuildFile; fileRef = 88696F301DE30ECB001CA120 /* ListOfMarksTableViewController.swift */; };
		88696F331DE30EF3001CA120 /* ListOfMarksTableViewCell.swift in Sources */ = {isa = PBXBuildFile; fileRef = 88696F321DE30EF3001CA120 /* ListOfMarksTableViewCell.swift */; };
		88696F351DE5AD18001CA120 /* FooterTableViewCell.swift in Sources */ = {isa = PBXBuildFile; fileRef = 88696F341DE5AD18001CA120 /* FooterTableViewCell.swift */; };
		A26988A1E99D368040EA4032 /* Pods_SchoolReportUITests.framework in Frameworks */ = {isa = PBXBuildFile; fileRef = 7C4A1C99960C128A0B1C9191 /* Pods_SchoolReportUITests.framework */; };
		BE40DC052D299E50E013E8EC /* Pods_SchoolReport.framework in Frameworks */ = {isa = PBXBuildFile; fileRef = 8CA7CDAD0A9160D5093E8DBB /* Pods_SchoolReport.framework */; };
/* End PBXBuildFile section */

/* Begin PBXContainerItemProxy section */
		88696F001DE2EAAD001CA120 /* PBXContainerItemProxy */ = {
			isa = PBXContainerItemProxy;
			containerPortal = 88696EE31DE2EAAD001CA120 /* Project object */;
			proxyType = 1;
			remoteGlobalIDString = 88696EEA1DE2EAAD001CA120;
			remoteInfo = SchoolReport;
		};
		88696F0B1DE2EAAD001CA120 /* PBXContainerItemProxy */ = {
			isa = PBXContainerItemProxy;
			containerPortal = 88696EE31DE2EAAD001CA120 /* Project object */;
			proxyType = 1;
			remoteGlobalIDString = 88696EEA1DE2EAAD001CA120;
			remoteInfo = SchoolReport;
		};
/* End PBXContainerItemProxy section */

/* Begin PBXFileReference section */
		43602319328AD76C27A1B294 /* Pods-SchoolReportTests.debug.xcconfig */ = {isa = PBXFileReference; includeInIndex = 1; lastKnownFileType = text.xcconfig; name = "Pods-SchoolReportTests.debug.xcconfig"; path = "Pods/Target Support Files/Pods-SchoolReportTests/Pods-SchoolReportTests.debug.xcconfig"; sourceTree = "<group>"; };
		569BF2B9CFB1743BF1E905C8 /* Pods_SchoolReportTests.framework */ = {isa = PBXFileReference; explicitFileType = wrapper.framework; includeInIndex = 0; path = Pods_SchoolReportTests.framework; sourceTree = BUILT_PRODUCTS_DIR; };
		7C4A1C99960C128A0B1C9191 /* Pods_SchoolReportUITests.framework */ = {isa = PBXFileReference; explicitFileType = wrapper.framework; includeInIndex = 0; path = Pods_SchoolReportUITests.framework; sourceTree = BUILT_PRODUCTS_DIR; };
		884A2DD61DE6FC22002154C4 /* HeaderSectionTableViewCell.swift */ = {isa = PBXFileReference; fileEncoding = 4; lastKnownFileType = sourcecode.swift; path = HeaderSectionTableViewCell.swift; sourceTree = "<group>"; };
		8854FFE5726EDB6478812B8A /* Pods-SchoolReport.release.xcconfig */ = {isa = PBXFileReference; includeInIndex = 1; lastKnownFileType = text.xcconfig; name = "Pods-SchoolReport.release.xcconfig"; path = "Pods/Target Support Files/Pods-SchoolReport/Pods-SchoolReport.release.xcconfig"; sourceTree = "<group>"; };
		88696EEB1DE2EAAD001CA120 /* SchoolReport.app */ = {isa = PBXFileReference; explicitFileType = wrapper.application; includeInIndex = 0; path = SchoolReport.app; sourceTree = BUILT_PRODUCTS_DIR; };
		88696EEE1DE2EAAD001CA120 /* AppDelegate.swift */ = {isa = PBXFileReference; lastKnownFileType = sourcecode.swift; path = AppDelegate.swift; sourceTree = "<group>"; };
		88696EF31DE2EAAD001CA120 /* Base */ = {isa = PBXFileReference; lastKnownFileType = file.storyboard; name = Base; path = Base.lproj/Main.storyboard; sourceTree = "<group>"; };
		88696EF51DE2EAAD001CA120 /* Assets.xcassets */ = {isa = PBXFileReference; lastKnownFileType = folder.assetcatalog; path = Assets.xcassets; sourceTree = "<group>"; };
		88696EF81DE2EAAD001CA120 /* Base */ = {isa = PBXFileReference; lastKnownFileType = file.storyboard; name = Base; path = Base.lproj/LaunchScreen.storyboard; sourceTree = "<group>"; };
		88696EFA1DE2EAAD001CA120 /* Info.plist */ = {isa = PBXFileReference; lastKnownFileType = text.plist.xml; path = Info.plist; sourceTree = "<group>"; };
		88696EFF1DE2EAAD001CA120 /* SchoolReportTests.xctest */ = {isa = PBXFileReference; explicitFileType = wrapper.cfbundle; includeInIndex = 0; path = SchoolReportTests.xctest; sourceTree = BUILT_PRODUCTS_DIR; };
		88696F031DE2EAAD001CA120 /* SchoolReportTests.swift */ = {isa = PBXFileReference; lastKnownFileType = sourcecode.swift; path = SchoolReportTests.swift; sourceTree = "<group>"; };
		88696F051DE2EAAD001CA120 /* Info.plist */ = {isa = PBXFileReference; lastKnownFileType = text.plist.xml; path = Info.plist; sourceTree = "<group>"; };
		88696F0A1DE2EAAD001CA120 /* SchoolReportUITests.xctest */ = {isa = PBXFileReference; explicitFileType = wrapper.cfbundle; includeInIndex = 0; path = SchoolReportUITests.xctest; sourceTree = BUILT_PRODUCTS_DIR; };
		88696F0E1DE2EAAD001CA120 /* SchoolReportUITests.swift */ = {isa = PBXFileReference; lastKnownFileType = sourcecode.swift; path = SchoolReportUITests.swift; sourceTree = "<group>"; };
		88696F101DE2EAAD001CA120 /* Info.plist */ = {isa = PBXFileReference; lastKnownFileType = text.plist.xml; path = Info.plist; sourceTree = "<group>"; };
		88696F1F1DE2F15D001CA120 /* MainViewController.swift */ = {isa = PBXFileReference; fileEncoding = 4; lastKnownFileType = sourcecode.swift; path = MainViewController.swift; sourceTree = "<group>"; };
		88696F211DE2F17F001CA120 /* DetailedReportTableViewController.swift */ = {isa = PBXFileReference; fileEncoding = 4; lastKnownFileType = sourcecode.swift; path = DetailedReportTableViewController.swift; sourceTree = "<group>"; };
		88696F231DE2F19C001CA120 /* AddMarkViewController.swift */ = {isa = PBXFileReference; fileEncoding = 4; lastKnownFileType = sourcecode.swift; path = AddMarkViewController.swift; sourceTree = "<group>"; };
		88696F251DE2F1E0001CA120 /* Mark.swift */ = {isa = PBXFileReference; fileEncoding = 4; lastKnownFileType = sourcecode.swift; path = Mark.swift; sourceTree = "<group>"; };
		88696F281DE2F203001CA120 /* Tools.swift */ = {isa = PBXFileReference; fileEncoding = 4; lastKnownFileType = sourcecode.swift; path = Tools.swift; sourceTree = "<group>"; };
		88696F2A1DE2F531001CA120 /* MarkReport.swift */ = {isa = PBXFileReference; fileEncoding = 4; lastKnownFileType = sourcecode.swift; path = MarkReport.swift; sourceTree = "<group>"; };
		88696F2C1DE309BA001CA120 /* Subject.swift */ = {isa = PBXFileReference; fileEncoding = 4; lastKnownFileType = sourcecode.swift; path = Subject.swift; sourceTree = "<group>"; };
		88696F2E1DE30E97001CA120 /* DetailedTableViewCell.swift */ = {isa = PBXFileReference; fileEncoding = 4; lastKnownFileType = sourcecode.swift; path = DetailedTableViewCell.swift; sourceTree = "<group>"; };
		88696F301DE30ECB001CA120 /* ListOfMarksTableViewController.swift */ = {isa = PBXFileReference; fileEncoding = 4; lastKnownFileType = sourcecode.swift; path = ListOfMarksTableViewController.swift; sourceTree = "<group>"; };
		88696F321DE30EF3001CA120 /* ListOfMarksTableViewCell.swift */ = {isa = PBXFileReference; fileEncoding = 4; lastKnownFileType = sourcecode.swift; path = ListOfMarksTableViewCell.swift; sourceTree = "<group>"; };
		88696F341DE5AD18001CA120 /* FooterTableViewCell.swift */ = {isa = PBXFileReference; fileEncoding = 4; lastKnownFileType = sourcecode.swift; path = FooterTableViewCell.swift; sourceTree = "<group>"; };
		8CA7CDAD0A9160D5093E8DBB /* Pods_SchoolReport.framework */ = {isa = PBXFileReference; explicitFileType = wrapper.framework; includeInIndex = 0; path = Pods_SchoolReport.framework; sourceTree = BUILT_PRODUCTS_DIR; };
		9B9319C52DC555C2AB9A8F6A /* Pods-SchoolReportUITests.debug.xcconfig */ = {isa = PBXFileReference; includeInIndex = 1; lastKnownFileType = text.xcconfig; name = "Pods-SchoolReportUITests.debug.xcconfig"; path = "Pods/Target Support Files/Pods-SchoolReportUITests/Pods-SchoolReportUITests.debug.xcconfig"; sourceTree = "<group>"; };
		D6BBB980244E415C61ADCA24 /* Pods-SchoolReportTests.release.xcconfig */ = {isa = PBXFileReference; includeInIndex = 1; lastKnownFileType = text.xcconfig; name = "Pods-SchoolReportTests.release.xcconfig"; path = "Pods/Target Support Files/Pods-SchoolReportTests/Pods-SchoolReportTests.release.xcconfig"; sourceTree = "<group>"; };
		DE0E026A9EEA657181727AFF /* Pods-SchoolReport.debug.xcconfig */ = {isa = PBXFileReference; includeInIndex = 1; lastKnownFileType = text.xcconfig; name = "Pods-SchoolReport.debug.xcconfig"; path = "Pods/Target Support Files/Pods-SchoolReport/Pods-SchoolReport.debug.xcconfig"; sourceTree = "<group>"; };
		E72513762BED6FE4AA1BE078 /* Pods-SchoolReportUITests.release.xcconfig */ = {isa = PBXFileReference; includeInIndex = 1; lastKnownFileType = text.xcconfig; name = "Pods-SchoolReportUITests.release.xcconfig"; path = "Pods/Target Support Files/Pods-SchoolReportUITests/Pods-SchoolReportUITests.release.xcconfig"; sourceTree = "<group>"; };
/* End PBXFileReference section */

/* Begin PBXFrameworksBuildPhase section */
		88696EE81DE2EAAD001CA120 /* Frameworks */ = {
			isa = PBXFrameworksBuildPhase;
			buildActionMask = 2147483647;
			files = (
				BE40DC052D299E50E013E8EC /* Pods_SchoolReport.framework in Frameworks */,
			);
			runOnlyForDeploymentPostprocessing = 0;
		};
		88696EFC1DE2EAAD001CA120 /* Frameworks */ = {
			isa = PBXFrameworksBuildPhase;
			buildActionMask = 2147483647;
			files = (
				340AE46EC7BFECF016D20069 /* Pods_SchoolReportTests.framework in Frameworks */,
			);
			runOnlyForDeploymentPostprocessing = 0;
		};
		88696F071DE2EAAD001CA120 /* Frameworks */ = {
			isa = PBXFrameworksBuildPhase;
			buildActionMask = 2147483647;
			files = (
				A26988A1E99D368040EA4032 /* Pods_SchoolReportUITests.framework in Frameworks */,
			);
			runOnlyForDeploymentPostprocessing = 0;
		};
/* End PBXFrameworksBuildPhase section */

/* Begin PBXGroup section */
		6DDA58D13D61F03997CADB8F /* Frameworks */ = {
			isa = PBXGroup;
			children = (
				8CA7CDAD0A9160D5093E8DBB /* Pods_SchoolReport.framework */,
				569BF2B9CFB1743BF1E905C8 /* Pods_SchoolReportTests.framework */,
				7C4A1C99960C128A0B1C9191 /* Pods_SchoolReportUITests.framework */,
			);
			name = Frameworks;
			sourceTree = "<group>";
		};
		88696EE21DE2EAAD001CA120 = {
			isa = PBXGroup;
			children = (
				88696EED1DE2EAAD001CA120 /* SchoolReport */,
				88696F021DE2EAAD001CA120 /* SchoolReportTests */,
				88696F0D1DE2EAAD001CA120 /* SchoolReportUITests */,
				88696EEC1DE2EAAD001CA120 /* Products */,
				C9173F111BA1CCF95055308A /* Pods */,
				6DDA58D13D61F03997CADB8F /* Frameworks */,
			);
			sourceTree = "<group>";
		};
		88696EEC1DE2EAAD001CA120 /* Products */ = {
			isa = PBXGroup;
			children = (
				88696EEB1DE2EAAD001CA120 /* SchoolReport.app */,
				88696EFF1DE2EAAD001CA120 /* SchoolReportTests.xctest */,
				88696F0A1DE2EAAD001CA120 /* SchoolReportUITests.xctest */,
			);
			name = Products;
			sourceTree = "<group>";
		};
		88696EED1DE2EAAD001CA120 /* SchoolReport */ = {
			isa = PBXGroup;
			children = (
				88696F271DE2F1F6001CA120 /* Tool */,
				88696F1C1DE2F10E001CA120 /* Model */,
				88696F1D1DE2F10E001CA120 /* View */,
				88696F1E1DE2F10E001CA120 /* ViewControllers */,
				88696EEE1DE2EAAD001CA120 /* AppDelegate.swift */,
				88696EF21DE2EAAD001CA120 /* Main.storyboard */,
				88696EF51DE2EAAD001CA120 /* Assets.xcassets */,
				88696EF71DE2EAAD001CA120 /* LaunchScreen.storyboard */,
				88696EFA1DE2EAAD001CA120 /* Info.plist */,
			);
			path = SchoolReport;
			sourceTree = "<group>";
		};
		88696F021DE2EAAD001CA120 /* SchoolReportTests */ = {
			isa = PBXGroup;
			children = (
				88696F031DE2EAAD001CA120 /* SchoolReportTests.swift */,
				88696F051DE2EAAD001CA120 /* Info.plist */,
			);
			path = SchoolReportTests;
			sourceTree = "<group>";
		};
		88696F0D1DE2EAAD001CA120 /* SchoolReportUITests */ = {
			isa = PBXGroup;
			children = (
				88696F0E1DE2EAAD001CA120 /* SchoolReportUITests.swift */,
				88696F101DE2EAAD001CA120 /* Info.plist */,
			);
			path = SchoolReportUITests;
			sourceTree = "<group>";
		};
		88696F1C1DE2F10E001CA120 /* Model */ = {
			isa = PBXGroup;
			children = (
				88696F251DE2F1E0001CA120 /* Mark.swift */,
				88696F2A1DE2F531001CA120 /* MarkReport.swift */,
				88696F2C1DE309BA001CA120 /* Subject.swift */,
			);
			path = Model;
			sourceTree = "<group>";
		};
		88696F1D1DE2F10E001CA120 /* View */ = {
			isa = PBXGroup;
			children = (
				88696F2E1DE30E97001CA120 /* DetailedTableViewCell.swift */,
				88696F321DE30EF3001CA120 /* ListOfMarksTableViewCell.swift */,
				88696F341DE5AD18001CA120 /* FooterTableViewCell.swift */,
				884A2DD61DE6FC22002154C4 /* HeaderSectionTableViewCell.swift */,
			);
			path = View;
			sourceTree = "<group>";
		};
		88696F1E1DE2F10E001CA120 /* ViewControllers */ = {
			isa = PBXGroup;
			children = (
				88696F1F1DE2F15D001CA120 /* MainViewController.swift */,
				88696F211DE2F17F001CA120 /* DetailedReportTableViewController.swift */,
				88696F231DE2F19C001CA120 /* AddMarkViewController.swift */,
				88696F301DE30ECB001CA120 /* ListOfMarksTableViewController.swift */,
			);
			path = ViewControllers;
			sourceTree = "<group>";
		};
		88696F271DE2F1F6001CA120 /* Tool */ = {
			isa = PBXGroup;
			children = (
				88696F281DE2F203001CA120 /* Tools.swift */,
			);
			path = Tool;
			sourceTree = "<group>";
		};
		C9173F111BA1CCF95055308A /* Pods */ = {
			isa = PBXGroup;
			children = (
				DE0E026A9EEA657181727AFF /* Pods-SchoolReport.debug.xcconfig */,
				8854FFE5726EDB6478812B8A /* Pods-SchoolReport.release.xcconfig */,
				43602319328AD76C27A1B294 /* Pods-SchoolReportTests.debug.xcconfig */,
				D6BBB980244E415C61ADCA24 /* Pods-SchoolReportTests.release.xcconfig */,
				9B9319C52DC555C2AB9A8F6A /* Pods-SchoolReportUITests.debug.xcconfig */,
				E72513762BED6FE4AA1BE078 /* Pods-SchoolReportUITests.release.xcconfig */,
			);
			name = Pods;
			sourceTree = "<group>";
		};
/* End PBXGroup section */

/* Begin PBXNativeTarget section */
		88696EEA1DE2EAAD001CA120 /* SchoolReport */ = {
			isa = PBXNativeTarget;
			buildConfigurationList = 88696F131DE2EAAD001CA120 /* Build configuration list for PBXNativeTarget "SchoolReport" */;
			buildPhases = (
				64B05ADC3C2BDECF93F9A860 /* [CP] Check Pods Manifest.lock */,
				88696EE71DE2EAAD001CA120 /* Sources */,
				88696EE81DE2EAAD001CA120 /* Frameworks */,
				88696EE91DE2EAAD001CA120 /* Resources */,
				97F9691E092286213BC1ED91 /* [CP] Embed Pods Frameworks */,
				19BE0606CFEDFB782A479E6A /* [CP] Copy Pods Resources */,
			);
			buildRules = (
			);
			dependencies = (
			);
			name = SchoolReport;
			productName = SchoolReport;
			productReference = 88696EEB1DE2EAAD001CA120 /* SchoolReport.app */;
			productType = "com.apple.product-type.application";
		};
		88696EFE1DE2EAAD001CA120 /* SchoolReportTests */ = {
			isa = PBXNativeTarget;
			buildConfigurationList = 88696F161DE2EAAD001CA120 /* Build configuration list for PBXNativeTarget "SchoolReportTests" */;
			buildPhases = (
				E74C4D2B3D084AA849B53A14 /* [CP] Check Pods Manifest.lock */,
				88696EFB1DE2EAAD001CA120 /* Sources */,
				88696EFC1DE2EAAD001CA120 /* Frameworks */,
				88696EFD1DE2EAAD001CA120 /* Resources */,
				07D7D283F99D202872B80AED /* [CP] Embed Pods Frameworks */,
				6BC4C58D19D2600763E10C44 /* [CP] Copy Pods Resources */,
			);
			buildRules = (
			);
			dependencies = (
				88696F011DE2EAAD001CA120 /* PBXTargetDependency */,
			);
			name = SchoolReportTests;
			productName = SchoolReportTests;
			productReference = 88696EFF1DE2EAAD001CA120 /* SchoolReportTests.xctest */;
			productType = "com.apple.product-type.bundle.unit-test";
		};
		88696F091DE2EAAD001CA120 /* SchoolReportUITests */ = {
			isa = PBXNativeTarget;
			buildConfigurationList = 88696F191DE2EAAD001CA120 /* Build configuration list for PBXNativeTarget "SchoolReportUITests" */;
			buildPhases = (
				F1B9910A0D271AD492BA5339 /* [CP] Check Pods Manifest.lock */,
				88696F061DE2EAAD001CA120 /* Sources */,
				88696F071DE2EAAD001CA120 /* Frameworks */,
				88696F081DE2EAAD001CA120 /* Resources */,
				F866AD330B2499C459345355 /* [CP] Embed Pods Frameworks */,
				7BAD4841C843E720053A90B7 /* [CP] Copy Pods Resources */,
			);
			buildRules = (
			);
			dependencies = (
				88696F0C1DE2EAAD001CA120 /* PBXTargetDependency */,
			);
			name = SchoolReportUITests;
			productName = SchoolReportUITests;
			productReference = 88696F0A1DE2EAAD001CA120 /* SchoolReportUITests.xctest */;
			productType = "com.apple.product-type.bundle.ui-testing";
		};
/* End PBXNativeTarget section */

/* Begin PBXProject section */
		88696EE31DE2EAAD001CA120 /* Project object */ = {
			isa = PBXProject;
			attributes = {
				LastSwiftUpdateCheck = 0800;
				LastUpgradeCheck = 0800;
				ORGANIZATIONNAME = laurent;
				TargetAttributes = {
					88696EEA1DE2EAAD001CA120 = {
						CreatedOnToolsVersion = 8.0;
						ProvisioningStyle = Automatic;
					};
					88696EFE1DE2EAAD001CA120 = {
						CreatedOnToolsVersion = 8.0;
						ProvisioningStyle = Automatic;
						TestTargetID = 88696EEA1DE2EAAD001CA120;
					};
					88696F091DE2EAAD001CA120 = {
						CreatedOnToolsVersion = 8.0;
						ProvisioningStyle = Automatic;
						TestTargetID = 88696EEA1DE2EAAD001CA120;
					};
				};
			};
			buildConfigurationList = 88696EE61DE2EAAD001CA120 /* Build configuration list for PBXProject "SchoolReport" */;
			compatibilityVersion = "Xcode 3.2";
			developmentRegion = English;
			hasScannedForEncodings = 0;
			knownRegions = (
				en,
				Base,
			);
			mainGroup = 88696EE21DE2EAAD001CA120;
			productRefGroup = 88696EEC1DE2EAAD001CA120 /* Products */;
			projectDirPath = "";
			projectRoot = "";
			targets = (
				88696EEA1DE2EAAD001CA120 /* SchoolReport */,
				88696EFE1DE2EAAD001CA120 /* SchoolReportTests */,
				88696F091DE2EAAD001CA120 /* SchoolReportUITests */,
			);
		};
/* End PBXProject section */

/* Begin PBXResourcesBuildPhase section */
		88696EE91DE2EAAD001CA120 /* Resources */ = {
			isa = PBXResourcesBuildPhase;
			buildActionMask = 2147483647;
			files = (
				88696EF91DE2EAAD001CA120 /* LaunchScreen.storyboard in Resources */,
				88696EF61DE2EAAD001CA120 /* Assets.xcassets in Resources */,
				88696EF41DE2EAAD001CA120 /* Main.storyboard in Resources */,
			);
			runOnlyForDeploymentPostprocessing = 0;
		};
		88696EFD1DE2EAAD001CA120 /* Resources */ = {
			isa = PBXResourcesBuildPhase;
			buildActionMask = 2147483647;
			files = (
			);
			runOnlyForDeploymentPostprocessing = 0;
		};
		88696F081DE2EAAD001CA120 /* Resources */ = {
			isa = PBXResourcesBuildPhase;
			buildActionMask = 2147483647;
			files = (
			);
			runOnlyForDeploymentPostprocessing = 0;
		};
/* End PBXResourcesBuildPhase section */

/* Begin PBXShellScriptBuildPhase section */
		07D7D283F99D202872B80AED /* [CP] Embed Pods Frameworks */ = {
			isa = PBXShellScriptBuildPhase;
			buildActionMask = 2147483647;
			files = (
			);
			inputPaths = (
			);
			name = "[CP] Embed Pods Frameworks";
			outputPaths = (
			);
			runOnlyForDeploymentPostprocessing = 0;
			shellPath = /bin/sh;
			shellScript = "\"${SRCROOT}/Pods/Target Support Files/Pods-SchoolReportTests/Pods-SchoolReportTests-frameworks.sh\"\n";
			showEnvVarsInLog = 0;
		};
		19BE0606CFEDFB782A479E6A /* [CP] Copy Pods Resources */ = {
			isa = PBXShellScriptBuildPhase;
			buildActionMask = 2147483647;
			files = (
			);
			inputPaths = (
			);
			name = "[CP] Copy Pods Resources";
			outputPaths = (
			);
			runOnlyForDeploymentPostprocessing = 0;
			shellPath = /bin/sh;
			shellScript = "\"${SRCROOT}/Pods/Target Support Files/Pods-SchoolReport/Pods-SchoolReport-resources.sh\"\n";
			showEnvVarsInLog = 0;
		};
		64B05ADC3C2BDECF93F9A860 /* [CP] Check Pods Manifest.lock */ = {
			isa = PBXShellScriptBuildPhase;
			buildActionMask = 2147483647;
			files = (
			);
			inputPaths = (
			);
			name = "[CP] Check Pods Manifest.lock";
			outputPaths = (
			);
			runOnlyForDeploymentPostprocessing = 0;
			shellPath = /bin/sh;
			shellScript = "diff \"${PODS_ROOT}/../Podfile.lock\" \"${PODS_ROOT}/Manifest.lock\" > /dev/null\nif [ $? != 0 ] ; then\n    # print error to STDERR\n    echo \"error: The sandbox is not in sync with the Podfile.lock. Run 'pod install' or update your CocoaPods installation.\" >&2\n    exit 1\nfi\n";
			showEnvVarsInLog = 0;
		};
		6BC4C58D19D2600763E10C44 /* [CP] Copy Pods Resources */ = {
			isa = PBXShellScriptBuildPhase;
			buildActionMask = 2147483647;
			files = (
			);
			inputPaths = (
			);
			name = "[CP] Copy Pods Resources";
			outputPaths = (
			);
			runOnlyForDeploymentPostprocessing = 0;
			shellPath = /bin/sh;
			shellScript = "\"${SRCROOT}/Pods/Target Support Files/Pods-SchoolReportTests/Pods-SchoolReportTests-resources.sh\"\n";
			showEnvVarsInLog = 0;
		};
		7BAD4841C843E720053A90B7 /* [CP] Copy Pods Resources */ = {
			isa = PBXShellScriptBuildPhase;
			buildActionMask = 2147483647;
			files = (
			);
			inputPaths = (
			);
			name = "[CP] Copy Pods Resources";
			outputPaths = (
			);
			runOnlyForDeploymentPostprocessing = 0;
			shellPath = /bin/sh;
			shellScript = "\"${SRCROOT}/Pods/Target Support Files/Pods-SchoolReportUITests/Pods-SchoolReportUITests-resources.sh\"\n";
			showEnvVarsInLog = 0;
		};
		97F9691E092286213BC1ED91 /* [CP] Embed Pods Frameworks */ = {
			isa = PBXShellScriptBuildPhase;
			buildActionMask = 2147483647;
			files = (
			);
			inputPaths = (
			);
			name = "[CP] Embed Pods Frameworks";
			outputPaths = (
			);
			runOnlyForDeploymentPostprocessing = 0;
			shellPath = /bin/sh;
			shellScript = "\"${SRCROOT}/Pods/Target Support Files/Pods-SchoolReport/Pods-SchoolReport-frameworks.sh\"\n";
			showEnvVarsInLog = 0;
		};
		E74C4D2B3D084AA849B53A14 /* [CP] Check Pods Manifest.lock */ = {
			isa = PBXShellScriptBuildPhase;
			buildActionMask = 2147483647;
			files = (
			);
			inputPaths = (
			);
			name = "[CP] Check Pods Manifest.lock";
			outputPaths = (
			);
			runOnlyForDeploymentPostprocessing = 0;
			shellPath = /bin/sh;
			shellScript = "diff \"${PODS_ROOT}/../Podfile.lock\" \"${PODS_ROOT}/Manifest.lock\" > /dev/null\nif [ $? != 0 ] ; then\n    # print error to STDERR\n    echo \"error: The sandbox is not in sync with the Podfile.lock. Run 'pod install' or update your CocoaPods installation.\" >&2\n    exit 1\nfi\n";
			showEnvVarsInLog = 0;
		};
		F1B9910A0D271AD492BA5339 /* [CP] Check Pods Manifest.lock */ = {
			isa = PBXShellScriptBuildPhase;
			buildActionMask = 2147483647;
			files = (
			);
			inputPaths = (
			);
			name = "[CP] Check Pods Manifest.lock";
			outputPaths = (
			);
			runOnlyForDeploymentPostprocessing = 0;
			shellPath = /bin/sh;
			shellScript = "diff \"${PODS_ROOT}/../Podfile.lock\" \"${PODS_ROOT}/Manifest.lock\" > /dev/null\nif [ $? != 0 ] ; then\n    # print error to STDERR\n    echo \"error: The sandbox is not in sync with the Podfile.lock. Run 'pod install' or update your CocoaPods installation.\" >&2\n    exit 1\nfi\n";
			showEnvVarsInLog = 0;
		};
		F866AD330B2499C459345355 /* [CP] Embed Pods Frameworks */ = {
			isa = PBXShellScriptBuildPhase;
			buildActionMask = 2147483647;
			files = (
			);
			inputPaths = (
			);
			name = "[CP] Embed Pods Frameworks";
			outputPaths = (
			);
			runOnlyForDeploymentPostprocessing = 0;
			shellPath = /bin/sh;
			shellScript = "\"${SRCROOT}/Pods/Target Support Files/Pods-SchoolReportUITests/Pods-SchoolReportUITests-frameworks.sh\"\n";
			showEnvVarsInLog = 0;
		};
/* End PBXShellScriptBuildPhase section */

/* Begin PBXSourcesBuildPhase section */
		88696EE71DE2EAAD001CA120 /* Sources */ = {
			isa = PBXSourcesBuildPhase;
			buildActionMask = 2147483647;
			files = (
				88696F2D1DE309BA001CA120 /* Subject.swift in Sources */,
				88696F331DE30EF3001CA120 /* ListOfMarksTableViewCell.swift in Sources */,
				88696F2F1DE30E97001CA120 /* DetailedTableViewCell.swift in Sources */,
				88696F2B1DE2F531001CA120 /* MarkReport.swift in Sources */,
				88696F221DE2F17F001CA120 /* DetailedReportTableViewController.swift in Sources */,
				88696F241DE2F19C001CA120 /* AddMarkViewController.swift in Sources */,
				88696EEF1DE2EAAD001CA120 /* AppDelegate.swift in Sources */,
				88696F291DE2F203001CA120 /* Tools.swift in Sources */,
				88696F311DE30ECB001CA120 /* ListOfMarksTableViewController.swift in Sources */,
				88696F201DE2F15D001CA120 /* MainViewController.swift in Sources */,
				88696F351DE5AD18001CA120 /* FooterTableViewCell.swift in Sources */,
				88696F261DE2F1E0001CA120 /* Mark.swift in Sources */,
				884A2DD71DE6FC22002154C4 /* HeaderSectionTableViewCell.swift in Sources */,
			);
			runOnlyForDeploymentPostprocessing = 0;
		};
		88696EFB1DE2EAAD001CA120 /* Sources */ = {
			isa = PBXSourcesBuildPhase;
			buildActionMask = 2147483647;
			files = (
				88696F041DE2EAAD001CA120 /* SchoolReportTests.swift in Sources */,
			);
			runOnlyForDeploymentPostprocessing = 0;
		};
		88696F061DE2EAAD001CA120 /* Sources */ = {
			isa = PBXSourcesBuildPhase;
			buildActionMask = 2147483647;
			files = (
				88696F0F1DE2EAAD001CA120 /* SchoolReportUITests.swift in Sources */,
			);
			runOnlyForDeploymentPostprocessing = 0;
		};
/* End PBXSourcesBuildPhase section */

/* Begin PBXTargetDependency section */
		88696F011DE2EAAD001CA120 /* PBXTargetDependency */ = {
			isa = PBXTargetDependency;
			target = 88696EEA1DE2EAAD001CA120 /* SchoolReport */;
			targetProxy = 88696F001DE2EAAD001CA120 /* PBXContainerItemProxy */;
		};
		88696F0C1DE2EAAD001CA120 /* PBXTargetDependency */ = {
			isa = PBXTargetDependency;
			target = 88696EEA1DE2EAAD001CA120 /* SchoolReport */;
			targetProxy = 88696F0B1DE2EAAD001CA120 /* PBXContainerItemProxy */;
		};
/* End PBXTargetDependency section */

/* Begin PBXVariantGroup section */
		88696EF21DE2EAAD001CA120 /* Main.storyboard */ = {
			isa = PBXVariantGroup;
			children = (
				88696EF31DE2EAAD001CA120 /* Base */,
			);
			name = Main.storyboard;
			sourceTree = "<group>";
		};
		88696EF71DE2EAAD001CA120 /* LaunchScreen.storyboard */ = {
			isa = PBXVariantGroup;
			children = (
				88696EF81DE2EAAD001CA120 /* Base */,
			);
			name = LaunchScreen.storyboard;
			sourceTree = "<group>";
		};
/* End PBXVariantGroup section */

/* Begin XCBuildConfiguration section */
		88696F111DE2EAAD001CA120 /* Debug */ = {
			isa = XCBuildConfiguration;
			buildSettings = {
				ALWAYS_SEARCH_USER_PATHS = NO;
				CLANG_ANALYZER_NONNULL = YES;
				CLANG_CXX_LANGUAGE_STANDARD = "gnu++0x";
				CLANG_CXX_LIBRARY = "libc++";
				CLANG_ENABLE_MODULES = YES;
				CLANG_ENABLE_OBJC_ARC = YES;
				CLANG_WARN_BOOL_CONVERSION = YES;
				CLANG_WARN_CONSTANT_CONVERSION = YES;
				CLANG_WARN_DIRECT_OBJC_ISA_USAGE = YES_ERROR;
				CLANG_WARN_DOCUMENTATION_COMMENTS = YES;
				CLANG_WARN_EMPTY_BODY = YES;
				CLANG_WARN_ENUM_CONVERSION = YES;
				CLANG_WARN_INFINITE_RECURSION = YES;
				CLANG_WARN_INT_CONVERSION = YES;
				CLANG_WARN_OBJC_ROOT_CLASS = YES_ERROR;
				CLANG_WARN_SUSPICIOUS_MOVES = YES;
				CLANG_WARN_UNREACHABLE_CODE = YES;
				CLANG_WARN__DUPLICATE_METHOD_MATCH = YES;
				"CODE_SIGN_IDENTITY[sdk=iphoneos*]" = "iPhone Developer";
				COPY_PHASE_STRIP = NO;
				DEBUG_INFORMATION_FORMAT = dwarf;
				ENABLE_STRICT_OBJC_MSGSEND = YES;
				ENABLE_TESTABILITY = YES;
				GCC_C_LANGUAGE_STANDARD = gnu99;
				GCC_DYNAMIC_NO_PIC = NO;
				GCC_NO_COMMON_BLOCKS = YES;
				GCC_OPTIMIZATION_LEVEL = 0;
				GCC_PREPROCESSOR_DEFINITIONS = (
					"DEBUG=1",
					"$(inherited)",
				);
				GCC_WARN_64_TO_32_BIT_CONVERSION = YES;
				GCC_WARN_ABOUT_RETURN_TYPE = YES_ERROR;
				GCC_WARN_UNDECLARED_SELECTOR = YES;
				GCC_WARN_UNINITIALIZED_AUTOS = YES_AGGRESSIVE;
				GCC_WARN_UNUSED_FUNCTION = YES;
				GCC_WARN_UNUSED_VARIABLE = YES;
				IPHONEOS_DEPLOYMENT_TARGET = 10.0;
				MTL_ENABLE_DEBUG_INFO = YES;
				ONLY_ACTIVE_ARCH = YES;
				SDKROOT = iphoneos;
				SWIFT_ACTIVE_COMPILATION_CONDITIONS = DEBUG;
				SWIFT_OPTIMIZATION_LEVEL = "-Onone";
				TARGETED_DEVICE_FAMILY = "1,2";
			};
			name = Debug;
		};
		88696F121DE2EAAD001CA120 /* Release */ = {
			isa = XCBuildConfiguration;
			buildSettings = {
				ALWAYS_SEARCH_USER_PATHS = NO;
				CLANG_ANALYZER_NONNULL = YES;
				CLANG_CXX_LANGUAGE_STANDARD = "gnu++0x";
				CLANG_CXX_LIBRARY = "libc++";
				CLANG_ENABLE_MODULES = YES;
				CLANG_ENABLE_OBJC_ARC = YES;
				CLANG_WARN_BOOL_CONVERSION = YES;
				CLANG_WARN_CONSTANT_CONVERSION = YES;
				CLANG_WARN_DIRECT_OBJC_ISA_USAGE = YES_ERROR;
				CLANG_WARN_DOCUMENTATION_COMMENTS = YES;
				CLANG_WARN_EMPTY_BODY = YES;
				CLANG_WARN_ENUM_CONVERSION = YES;
				CLANG_WARN_INFINITE_RECURSION = YES;
				CLANG_WARN_INT_CONVERSION = YES;
				CLANG_WARN_OBJC_ROOT_CLASS = YES_ERROR;
				CLANG_WARN_SUSPICIOUS_MOVES = YES;
				CLANG_WARN_UNREACHABLE_CODE = YES;
				CLANG_WARN__DUPLICATE_METHOD_MATCH = YES;
				"CODE_SIGN_IDENTITY[sdk=iphoneos*]" = "iPhone Developer";
				COPY_PHASE_STRIP = NO;
				DEBUG_INFORMATION_FORMAT = "dwarf-with-dsym";
				ENABLE_NS_ASSERTIONS = NO;
				ENABLE_STRICT_OBJC_MSGSEND = YES;
				GCC_C_LANGUAGE_STANDARD = gnu99;
				GCC_NO_COMMON_BLOCKS = YES;
				GCC_WARN_64_TO_32_BIT_CONVERSION = YES;
				GCC_WARN_ABOUT_RETURN_TYPE = YES_ERROR;
				GCC_WARN_UNDECLARED_SELECTOR = YES;
				GCC_WARN_UNINITIALIZED_AUTOS = YES_AGGRESSIVE;
				GCC_WARN_UNUSED_FUNCTION = YES;
				GCC_WARN_UNUSED_VARIABLE = YES;
				IPHONEOS_DEPLOYMENT_TARGET = 10.0;
				MTL_ENABLE_DEBUG_INFO = NO;
				SDKROOT = iphoneos;
				SWIFT_OPTIMIZATION_LEVEL = "-Owholemodule";
				TARGETED_DEVICE_FAMILY = "1,2";
				VALIDATE_PRODUCT = YES;
			};
			name = Release;
		};
		88696F141DE2EAAD001CA120 /* Debug */ = {
			isa = XCBuildConfiguration;
			baseConfigurationReference = DE0E026A9EEA657181727AFF /* Pods-SchoolReport.debug.xcconfig */;
			buildSettings = {
				ASSETCATALOG_COMPILER_APPICON_NAME = AppIcon;
				INFOPLIST_FILE = SchoolReport/Info.plist;
				LD_RUNPATH_SEARCH_PATHS = "$(inherited) @executable_path/Frameworks";
				PRODUCT_BUNDLE_IDENTIFIER = com.laurent.SchoolReport;
				PRODUCT_NAME = "$(TARGET_NAME)";
				SWIFT_VERSION = 3.0;
			};
			name = Debug;
		};
		88696F151DE2EAAD001CA120 /* Release */ = {
			isa = XCBuildConfiguration;
			baseConfigurationReference = 8854FFE5726EDB6478812B8A /* Pods-SchoolReport.release.xcconfig */;
			buildSettings = {
				ASSETCATALOG_COMPILER_APPICON_NAME = AppIcon;
				INFOPLIST_FILE = SchoolReport/Info.plist;
				LD_RUNPATH_SEARCH_PATHS = "$(inherited) @executable_path/Frameworks";
				PRODUCT_BUNDLE_IDENTIFIER = com.laurent.SchoolReport;
				PRODUCT_NAME = "$(TARGET_NAME)";
				SWIFT_VERSION = 3.0;
			};
			name = Release;
		};
		88696F171DE2EAAD001CA120 /* Debug */ = {
			isa = XCBuildConfiguration;
			baseConfigurationReference = 43602319328AD76C27A1B294 /* Pods-SchoolReportTests.debug.xcconfig */;
			buildSettings = {
				ALWAYS_EMBED_SWIFT_STANDARD_LIBRARIES = YES;
				BUNDLE_LOADER = "$(TEST_HOST)";
				INFOPLIST_FILE = SchoolReportTests/Info.plist;
				LD_RUNPATH_SEARCH_PATHS = "$(inherited) @executable_path/Frameworks @loader_path/Frameworks";
				PRODUCT_BUNDLE_IDENTIFIER = com.laurent.SchoolReportTests;
				PRODUCT_NAME = "$(TARGET_NAME)";
				SWIFT_VERSION = 3.0;
				TEST_HOST = "$(BUILT_PRODUCTS_DIR)/SchoolReport.app/SchoolReport";
			};
			name = Debug;
		};
		88696F181DE2EAAD001CA120 /* Release */ = {
			isa = XCBuildConfiguration;
			baseConfigurationReference = D6BBB980244E415C61ADCA24 /* Pods-SchoolReportTests.release.xcconfig */;
			buildSettings = {
				ALWAYS_EMBED_SWIFT_STANDARD_LIBRARIES = YES;
				BUNDLE_LOADER = "$(TEST_HOST)";
				INFOPLIST_FILE = SchoolReportTests/Info.plist;
				LD_RUNPATH_SEARCH_PATHS = "$(inherited) @executable_path/Frameworks @loader_path/Frameworks";
				PRODUCT_BUNDLE_IDENTIFIER = com.laurent.SchoolReportTests;
				PRODUCT_NAME = "$(TARGET_NAME)";
				SWIFT_VERSION = 3.0;
				TEST_HOST = "$(BUILT_PRODUCTS_DIR)/SchoolReport.app/SchoolReport";
			};
			name = Release;
		};
		88696F1A1DE2EAAD001CA120 /* Debug */ = {
			isa = XCBuildConfiguration;
			baseConfigurationReference = 9B9319C52DC555C2AB9A8F6A /* Pods-SchoolReportUITests.debug.xcconfig */;
			buildSettings = {
				ALWAYS_EMBED_SWIFT_STANDARD_LIBRARIES = YES;
				INFOPLIST_FILE = SchoolReportUITests/Info.plist;
				LD_RUNPATH_SEARCH_PATHS = "$(inherited) @executable_path/Frameworks @loader_path/Frameworks";
				PRODUCT_BUNDLE_IDENTIFIER = com.laurent.SchoolReportUITests;
				PRODUCT_NAME = "$(TARGET_NAME)";
				SWIFT_VERSION = 3.0;
				TEST_TARGET_NAME = SchoolReport;
			};
			name = Debug;
		};
		88696F1B1DE2EAAD001CA120 /* Release */ = {
			isa = XCBuildConfiguration;
			baseConfigurationReference = E72513762BED6FE4AA1BE078 /* Pods-SchoolReportUITests.release.xcconfig */;
			buildSettings = {
				ALWAYS_EMBED_SWIFT_STANDARD_LIBRARIES = YES;
				INFOPLIST_FILE = SchoolReportUITests/Info.plist;
				LD_RUNPATH_SEARCH_PATHS = "$(inherited) @executable_path/Frameworks @loader_path/Frameworks";
				PRODUCT_BUNDLE_IDENTIFIER = com.laurent.SchoolReportUITests;
				PRODUCT_NAME = "$(TARGET_NAME)";
				SWIFT_VERSION = 3.0;
				TEST_TARGET_NAME = SchoolReport;
			};
			name = Release;
		};
/* End XCBuildConfiguration section */

/* Begin XCConfigurationList section */
		88696EE61DE2EAAD001CA120 /* Build configuration list for PBXProject "SchoolReport" */ = {
			isa = XCConfigurationList;
			buildConfigurations = (
				88696F111DE2EAAD001CA120 /* Debug */,
				88696F121DE2EAAD001CA120 /* Release */,
			);
			defaultConfigurationIsVisible = 0;
			defaultConfigurationName = Release;
		};
		88696F131DE2EAAD001CA120 /* Build configuration list for PBXNativeTarget "SchoolReport" */ = {
			isa = XCConfigurationList;
			buildConfigurations = (
				88696F141DE2EAAD001CA120 /* Debug */,
				88696F151DE2EAAD001CA120 /* Release */,
			);
			defaultConfigurationIsVisible = 0;
			defaultConfigurationName = Release;
		};
		88696F161DE2EAAD001CA120 /* Build configuration list for PBXNativeTarget "SchoolReportTests" */ = {
			isa = XCConfigurationList;
			buildConfigurations = (
				88696F171DE2EAAD001CA120 /* Debug */,
				88696F181DE2EAAD001CA120 /* Release */,
			);
			defaultConfigurationIsVisible = 0;
			defaultConfigurationName = Release;
		};
		88696F191DE2EAAD001CA120 /* Build configuration list for PBXNativeTarget "SchoolReportUITests" */ = {
			isa = XCConfigurationList;
			buildConfigurations = (
				88696F1A1DE2EAAD001CA120 /* Debug */,
				88696F1B1DE2EAAD001CA120 /* Release */,
			);
			defaultConfigurationIsVisible = 0;
			defaultConfigurationName = Release;
		};
/* End XCConfigurationList section */
	};
	rootObject = 88696EE31DE2EAAD001CA120 /* Project object */;
}
